
Microsoft Visual Studio Solution File, Format Version 12.00
# Visual Studio Version 17
VisualStudioVersion = 17.3.32804.467
MinimumVisualStudioVersion = 10.0.40219.1
Project("{9A19103F-16F7-4668-BE54-9A1E7A4F7556}") = "Day01", "Day01\Day01.csproj", "{3C1D22C1-8DF9-4FCB-A854-1DC8EDF17864}"
EndProject
Project("{9A19103F-16F7-4668-BE54-9A1E7A4F7556}") = "Day02", "Day02\Day02.csproj", "{9DDB8CB9-29C4-4D79-B55A-E7ED6D7FC3B7}"
EndProject
Project("{9A19103F-16F7-4668-BE54-9A1E7A4F7556}") = "Day04", "Day04\Day04.csproj", "{E769856F-5A8D-4AEF-B412-6A1C6ACA57D3}"
EndProject
Project("{9A19103F-16F7-4668-BE54-9A1E7A4F7556}") = "Day03", "Day03\Day03.csproj", "{3E8F91D8-AC02-4FB1-A9A9-A9D23AB5DB80}"
EndProject
Project("{9A19103F-16F7-4668-BE54-9A1E7A4F7556}") = "QuizDay04", "QuizDay04\QuizDay04.csproj", "{97E075AB-1358-4261-A87C-3933C88FE782}"
EndProject
Project("{9A19103F-16F7-4668-BE54-9A1E7A4F7556}") = "Day05", "Day05\Day05.csproj", "{262A3757-0456-4B1B-84B5-E2FA267BAB28}"
EndProject
Project("{FAE04EC0-301F-11D3-BF4B-00C04F79EFBC}") = "FinalTest2022", "FinalTest2022\FinalTest2022.csproj", "{6A36FB73-57D6-4534-BF38-2A50A3163C7F}"
EndProject
Global
	GlobalSection(SolutionConfigurationPlatforms) = preSolution
		Debug|Any CPU = Debug|Any CPU
		Release|Any CPU = Release|Any CPU
	EndGlobalSection
	GlobalSection(ProjectConfigurationPlatforms) = postSolution
		{3C1D22C1-8DF9-4FCB-A854-1DC8EDF17864}.Debug|Any CPU.ActiveCfg = Debug|Any CPU
		{3C1D22C1-8DF9-4FCB-A854-1DC8EDF17864}.Debug|Any CPU.Build.0 = Debug|Any CPU
		{3C1D22C1-8DF9-4FCB-A854-1DC8EDF17864}.Release|Any CPU.ActiveCfg = Release|Any CPU
		{3C1D22C1-8DF9-4FCB-A854-1DC8EDF17864}.Release|Any CPU.Build.0 = Release|Any CPU
		{9DDB8CB9-29C4-4D79-B55A-E7ED6D7FC3B7}.Debug|Any CPU.ActiveCfg = Debug|Any CPU
		{9DDB8CB9-29C4-4D79-B55A-E7ED6D7FC3B7}.Debug|Any CPU.Build.0 = Debug|Any CPU
		{9DDB8CB9-29C4-4D79-B55A-E7ED6D7FC3B7}.Release|Any CPU.ActiveCfg = Release|Any CPU
		{9DDB8CB9-29C4-4D79-B55A-E7ED6D7FC3B7}.Release|Any CPU.Build.0 = Release|Any CPU
		{E769856F-5A8D-4AEF-B412-6A1C6ACA57D3}.Debug|Any CPU.ActiveCfg = Debug|Any CPU
		{E769856F-5A8D-4AEF-B412-6A1C6ACA57D3}.Debug|Any CPU.Build.0 = Debug|Any CPU
		{E769856F-5A8D-4AEF-B412-6A1C6ACA57D3}.Release|Any CPU.ActiveCfg = Release|Any CPU
		{E769856F-5A8D-4AEF-B412-6A1C6ACA57D3}.Release|Any CPU.Build.0 = Release|Any CPU
		{3E8F91D8-AC02-4FB1-A9A9-A9D23AB5DB80}.Debug|Any CPU.ActiveCfg = Debug|Any CPU
		{3E8F91D8-AC02-4FB1-A9A9-A9D23AB5DB80}.Debug|Any CPU.Build.0 = Debug|Any CPU
		{3E8F91D8-AC02-4FB1-A9A9-A9D23AB5DB80}.Release|Any CPU.ActiveCfg = Release|Any CPU
		{3E8F91D8-AC02-4FB1-A9A9-A9D23AB5DB80}.Release|Any CPU.Build.0 = Release|Any CPU
		{97E075AB-1358-4261-A87C-3933C88FE782}.Debug|Any CPU.ActiveCfg = Debug|Any CPU
		{97E075AB-1358-4261-A87C-3933C88FE782}.Debug|Any CPU.Build.0 = Debug|Any CPU
		{97E075AB-1358-4261-A87C-3933C88FE782}.Release|Any CPU.ActiveCfg = Release|Any CPU
		{97E075AB-1358-4261-A87C-3933C88FE782}.Release|Any CPU.Build.0 = Release|Any CPU
		{262A3757-0456-4B1B-84B5-E2FA267BAB28}.Debug|Any CPU.ActiveCfg = Debug|Any CPU
		{262A3757-0456-4B1B-84B5-E2FA267BAB28}.Debug|Any CPU.Build.0 = Debug|Any CPU
		{262A3757-0456-4B1B-84B5-E2FA267BAB28}.Release|Any CPU.ActiveCfg = Release|Any CPU
		{262A3757-0456-4B1B-84B5-E2FA267BAB28}.Release|Any CPU.Build.0 = Release|Any CPU
		{6A36FB73-57D6-4534-BF38-2A50A3163C7F}.Debug|Any CPU.ActiveCfg = Debug|Any CPU
		{6A36FB73-57D6-4534-BF38-2A50A3163C7F}.Debug|Any CPU.Build.0 = Debug|Any CPU
		{6A36FB73-57D6-4534-BF38-2A50A3163C7F}.Release|Any CPU.ActiveCfg = Release|Any CPU
		{6A36FB73-57D6-4534-BF38-2A50A3163C7F}.Release|Any CPU.Build.0 = Release|Any CPU
	EndGlobalSection
	GlobalSection(SolutionProperties) = preSolution
		HideSolutionNode = FALSE
	EndGlobalSection
	GlobalSection(ExtensibilityGlobals) = postSolution
		SolutionGuid = {1111E973-7408-48CB-9B57-AE5C8F112F56}
	EndGlobalSection
EndGlobal
